
Microsoft Visual Studio Solution File, Format Version 12.00
# Visual Studio Version 17
VisualStudioVersion = 17.3.32804.467
MinimumVisualStudioVersion = 10.0.40219.1
Project("{FAE04EC0-301F-11D3-BF4B-00C04F79EFBC}") = "OOP project", "OOP project.csproj", "{488E6C35-FA8A-4A7B-B012-21DD0E1F0435}"
EndProject
Global
	GlobalSection(SolutionConfigurationPlatforms) = preSolution
		Debug|Any CPU = Debug|Any CPU
		Release|Any CPU = Release|Any CPU
	EndGlobalSection
	GlobalSection(ProjectConfigurationPlatforms) = postSolution
		{488E6C35-FA8A-4A7B-B012-21DD0E1F0435}.Debug|Any CPU.ActiveCfg = Debug|Any CPU
		{488E6C35-FA8A-4A7B-B012-21DD0E1F0435}.Debug|Any CPU.Build.0 = Debug|Any CPU
		{488E6C35-FA8A-4A7B-B012-21DD0E1F0435}.Release|Any CPU.ActiveCfg = Release|Any CPU
		{488E6C35-FA8A-4A7B-B012-21DD0E1F0435}.Release|Any CPU.Build.0 = Release|Any CPU
	EndGlobalSection
	GlobalSection(SolutionProperties) = preSolution
		HideSolutionNode = FALSE
	EndGlobalSection
	GlobalSection(ExtensibilityGlobals) = postSolution
		SolutionGuid = {482F3FFF-0E96-4BF7-A8F9-3B362D8BB10B}
	EndGlobalSection
EndGlobal
